
Microsoft Visual Studio Solution File, Format Version 12.00
# Visual Studio 15
VisualStudioVersion = 15.0.28307.136
MinimumVisualStudioVersion = 10.0.40219.1
Project("{FAE04EC0-301F-11D3-BF4B-00C04F79EFBC}") = "DataShareSample", "DataShareSample\DataShareSample.csproj", "{1B84CA80-8C03-4A66-93A4-5E2923F58835}"
EndProject
Global
	GlobalSection(SolutionConfigurationPlatforms) = preSolution
		Debug|Any CPU = Debug|Any CPU
		Release|Any CPU = Release|Any CPU
	EndGlobalSection
	GlobalSection(ProjectConfigurationPlatforms) = postSolution
		{1B84CA80-8C03-4A66-93A4-5E2923F58835}.Debug|Any CPU.ActiveCfg = Debug|Any CPU
		{1B84CA80-8C03-4A66-93A4-5E2923F58835}.Debug|Any CPU.Build.0 = Debug|Any CPU
		{1B84CA80-8C03-4A66-93A4-5E2923F58835}.Release|Any CPU.ActiveCfg = Release|Any CPU
		{1B84CA80-8C03-4A66-93A4-5E2923F58835}.Release|Any CPU.Build.0 = Release|Any CPU
	EndGlobalSection
	GlobalSection(SolutionProperties) = preSolution
		HideSolutionNode = FALSE
	EndGlobalSection
	GlobalSection(ExtensibilityGlobals) = postSolution
		SolutionGuid = {E2183E55-4076-4635-9FBA-F9AE1A51EBC5}
	EndGlobalSection
EndGlobal
